<?xml version="1.0" encoding="utf-8"?>
<Project ToolsVersion="4.0" xmlns="http://schemas.microsoft.com/developer/msbuild/2003">
  <ItemGroup>
    <Filter Include="Eagle">
      <UniqueIdentifier>{2390160D-8FA4-3EBE-5826-E21DC4F93AEF}</UniqueIdentifier>
    </Filter>
    <Filter Include="Eagle\Events">
      <UniqueIdentifier>{A7568AD8-93B9-197D-3C3F-52332881E5FF}</UniqueIdentifier>
    </Filter>
    <Filter Include="Eagle\ImGui">
      <UniqueIdentifier>{8D5301C1-F908-7AB6-82FD-738DEEB170BA}</UniqueIdentifier>
    </Filter>
    <Filter Include="Eagle\Layers">
      <UniqueIdentifier>{82416DE7-6EA4-FC8B-172A-3542036CC80E}</UniqueIdentifier>
    </Filter>
    <Filter Include="Eagle\Rendering">
      <UniqueIdentifier>{30212B8A-9CAC-984E-A5BD-1B4311C8F44E}</UniqueIdentifier>
    </Filter>
    <Filter Include="Platforms">
      <UniqueIdentifier>{DDACA145-4917-56BC-9255-0762FEFE3311}</UniqueIdentifier>
    </Filter>
    <Filter Include="Platforms\OpenGL">
      <UniqueIdentifier>{719BB998-5D94-D8EA-86C6-BD6F721EB8F6}</UniqueIdentifier>
    </Filter>
    <Filter Include="Platforms\Windows">
      <UniqueIdentifier>{17E40808-83FA-069E-CC71-92BF38C7D725}</UniqueIdentifier>
    </Filter>
  </ItemGroup>
  <ItemGroup>
    <ClInclude Include="src\Eagle.h" />
    <ClInclude Include="src\Eagle\Application.h">
      <Filter>Eagle</Filter>
    </ClInclude>
    <ClInclude Include="src\Eagle\Core.h">
      <Filter>Eagle</Filter>
    </ClInclude>
    <ClInclude Include="src\Eagle\EntryPoint.h">
      <Filter>Eagle</Filter>
    </ClInclude>
    <ClInclude Include="src\Eagle\Events\ApplicationEvent.h">
      <Filter>Eagle\Events</Filter>
    </ClInclude>
    <ClInclude Include="src\Eagle\Events\Event.h">
      <Filter>Eagle\Events</Filter>
    </ClInclude>
    <ClInclude Include="src\Eagle\Events\KeyEvent.h">
      <Filter>Eagle\Events</Filter>
    </ClInclude>
    <ClInclude Include="src\Eagle\Events\MouseEvent.h">
      <Filter>Eagle\Events</Filter>
    </ClInclude>
    <ClInclude Include="src\Eagle\ImGui\ImGuiLayer.h">
      <Filter>Eagle\ImGui</Filter>
    </ClInclude>
    <ClInclude Include="src\Eagle\Input.h">
      <Filter>Eagle</Filter>
    </ClInclude>
    <ClInclude Include="src\Eagle\Keycodes.h">
      <Filter>Eagle</Filter>
    </ClInclude>
    <ClInclude Include="src\Eagle\Layers\Layer.h">
      <Filter>Eagle\Layers</Filter>
    </ClInclude>
    <ClInclude Include="src\Eagle\Layers\LayerStack.h">
      <Filter>Eagle\Layers</Filter>
    </ClInclude>
    <ClInclude Include="src\Eagle\Log.h">
      <Filter>Eagle</Filter>
    </ClInclude>
    <ClInclude Include="src\Eagle\Rendering\Buffer.h">
      <Filter>Eagle\Rendering</Filter>
    </ClInclude>
    <ClInclude Include="src\Eagle\Rendering\RenderingContext.h">
      <Filter>Eagle\Rendering</Filter>
    </ClInclude>
    <ClInclude Include="src\Eagle\Rendering\Shader.h">
      <Filter>Eagle\Rendering</Filter>
    </ClInclude>
    <ClInclude Include="src\Eagle\Window.h">
      <Filter>Eagle</Filter>
    </ClInclude>
    <ClInclude Include="src\EaglePCH.h" />
    <ClInclude Include="src\Platforms\OpenGL\OpenGLBuffer.h">
      <Filter>Platforms\OpenGL</Filter>
    </ClInclude>
    <ClInclude Include="src\Platforms\OpenGL\OpenGLContext.h">
      <Filter>Platforms\OpenGL</Filter>
    </ClInclude>
    <ClInclude Include="src\Platforms\Windows\WindowsInput.h">
      <Filter>Platforms\Windows</Filter>
    </ClInclude>
    <ClInclude Include="src\Platforms\Windows\WindowsWindow.h">
      <Filter>Platforms\Windows</Filter>
    </ClInclude>
    <ClInclude Include="src\Eagle\Rendering\Renderer.h" />
    <ClInclude Include="src\Platforms\OpenGL\OpenGLShader.h" />
    <ClInclude Include="src\Eagle\Rendering\VertexArray.h" />
    <ClInclude Include="src\Platforms\OpenGL\OpenGLVertexArray.h" />
    <ClInclude Include="src\Eagle\Rendering\RenderAPI.h" />
    <ClInclude Include="src\Eagle\Rendering\RenderCommand.h" />
    <ClInclude Include="src\Platforms\OpenGL\OpenGLRenderAPI.h" />
    <ClInclude Include="src\Eagle\Rendering\Camera.h" />
  </ItemGroup>
  <ItemGroup>
    <ClCompile Include="src\Eagle\Application.cpp">
      <Filter>Eagle</Filter>
    </ClCompile>
    <ClCompile Include="src\Eagle\ImGui\ImGuiBuild.cpp">
      <Filter>Eagle\ImGui</Filter>
    </ClCompile>
    <ClCompile Include="src\Eagle\ImGui\ImGuiLayer.cpp">
      <Filter>Eagle\ImGui</Filter>
    </ClCompile>
    <ClCompile Include="src\Eagle\Layers\Layer.cpp">
      <Filter>Eagle\Layers</Filter>
    </ClCompile>
    <ClCompile Include="src\Eagle\Layers\LayerStack.cpp">
      <Filter>Eagle\Layers</Filter>
    </ClCompile>
    <ClCompile Include="src\Eagle\Log.cpp">
      <Filter>Eagle</Filter>
    </ClCompile>
    <ClCompile Include="src\EaglePCH.cpp" />
    <ClCompile Include="src\Platforms\OpenGL\OpenGLContext.cpp">
      <Filter>Platforms\OpenGL</Filter>
    </ClCompile>
    <ClCompile Include="src\Platforms\Windows\WindowsInput.cpp">
      <Filter>Platforms\Windows</Filter>
    </ClCompile>
    <ClCompile Include="src\Platforms\Windows\WindowsWindow.cpp">
      <Filter>Platforms\Windows</Filter>
    </ClCompile>
    <ClCompile Include="src\Eagle\Rendering\Renderer.cpp" />
    <ClCompile Include="src\Eagle\Rendering\RenderCommand.cpp" />
    <ClCompile Include="src\Eagle\Rendering\Camera.cpp" />
  </ItemGroup>
</Project>